
Microsoft Visual Studio Solution File, Format Version 12.00
# Visual Studio Version 17
VisualStudioVersion = 17.11.35303.130
MinimumVisualStudioVersion = 10.0.40219.1
Project("{FAE04EC0-301F-11D3-BF4B-00C04F79EFBC}") = "ConsoleApp2", "ConsoleApp2.csproj", "{2C5E9690-7AF7-49E0-AB1A-932045B99227}"
EndProject
Global
	GlobalSection(SolutionConfigurationPlatforms) = preSolution
		Debug|Any CPU = Debug|Any CPU
		Release|Any CPU = Release|Any CPU
	EndGlobalSection
	GlobalSection(ProjectConfigurationPlatforms) = postSolution
		{2C5E9690-7AF7-49E0-AB1A-932045B99227}.Debug|Any CPU.ActiveCfg = Debug|Any CPU
		{2C5E9690-7AF7-49E0-AB1A-932045B99227}.Debug|Any CPU.Build.0 = Debug|Any CPU
		{2C5E9690-7AF7-49E0-AB1A-932045B99227}.Release|Any CPU.ActiveCfg = Release|Any CPU
		{2C5E9690-7AF7-49E0-AB1A-932045B99227}.Release|Any CPU.Build.0 = Release|Any CPU
	EndGlobalSection
	GlobalSection(SolutionProperties) = preSolution
		HideSolutionNode = FALSE
	EndGlobalSection
	GlobalSection(ExtensibilityGlobals) = postSolution
		SolutionGuid = {58993CA3-C247-40E2-A88D-3A5F7E995925}
	EndGlobalSection
EndGlobal
